# THIS IS AN AUTOGENERATED FILE. DO NOT EDIT THIS FILE DIRECTLY.
# yarn lockfile v1


vue-cli-plugin-element@~1.0.1:
  version "1.0.1"
  resolved "https://registry.npmmirror.com/vue-cli-plugin-element/-/vue-cli-plugin-element-1.0.1.tgz#34e58fb65b36cf59afaf14f503288e5e578b1554"
  integrity sha512-OJSOnJtn7f1v/8xX+MJae+RrE8WguhiiG9QTBx/MNOPXYsxqut6Ommo+ZD3raNc7eryhqdM2T/DlMfdvIKpCtw==
